// !$*UTF8*$!
{
	archiveVersion = 1;
	classes = {
	};
	objectVersion = 50;
	objects = {

/* Begin PBXBuildFile section */
		BF770091232C715C0061444B /* AppDelegate.swift in Sources */ = {isa = PBXBuildFile; fileRef = BF770090232C715C0061444B /* AppDelegate.swift */; };
		BF770093232C715C0061444B /* ViewController.swift in Sources */ = {isa = PBXBuildFile; fileRef = BF770092232C715C0061444B /* ViewController.swift */; };
		BF770096232C715C0061444B /* Main.storyboard in Resources */ = {isa = PBXBuildFile; fileRef = BF770094232C715C0061444B /* Main.storyboard */; };
		BF770098232C71610061444B /* Assets.xcassets in Resources */ = {isa = PBXBuildFile; fileRef = BF770097232C71610061444B /* Assets.xcassets */; };
		BF77009B232C71610061444B /* LaunchScreen.storyboard in Resources */ = {isa = PBXBuildFile; fileRef = BF770099232C71610061444B /* LaunchScreen.storyboard */; };
		BF9C941423A886C000AEC197 /* Array+Extensions.swift in Sources */ = {isa = PBXBuildFile; fileRef = BF9C93FF23A886C000AEC197 /* Array+Extensions.swift */; };
		BF9C941523A886C000AEC197 /* Int+Extensions.swift in Sources */ = {isa = PBXBuildFile; fileRef = BF9C940023A886C000AEC197 /* Int+Extensions.swift */; };
		BF9C941623A886C000AEC197 /* UIViewController+Extensions.swift in Sources */ = {isa = PBXBuildFile; fileRef = BF9C940123A886C000AEC197 /* UIViewController+Extensions.swift */; };
		BF9C941723A886C000AEC197 /* UIButton+Extensions.swift in Sources */ = {isa = PBXBuildFile; fileRef = BF9C940223A886C000AEC197 /* UIButton+Extensions.swift */; };
		BF9C941823A886C000AEC197 /* UIView+Extensions.swift in Sources */ = {isa = PBXBuildFile; fileRef = BF9C940423A886C000AEC197 /* UIView+Extensions.swift */; };
		BF9C941923A886C000AEC197 /* String+Extensions.swift in Sources */ = {isa = PBXBuildFile; fileRef = BF9C940523A886C000AEC197 /* String+Extensions.swift */; };
		BF9C941A23A886C000AEC197 /* UIDevice+Extensions.swift in Sources */ = {isa = PBXBuildFile; fileRef = BF9C940623A886C000AEC197 /* UIDevice+Extensions.swift */; };
		BF9C941B23A886C000AEC197 /* UIApplication+Extensions.swift in Sources */ = {isa = PBXBuildFile; fileRef = BF9C940723A886C000AEC197 /* UIApplication+Extensions.swift */; };
		BF9C941C23A886C000AEC197 /* UITextFile+Extensions.swift in Sources */ = {isa = PBXBuildFile; fileRef = BF9C940823A886C000AEC197 /* UITextFile+Extensions.swift */; };
		BF9C941D23A886C000AEC197 /* UIScreen+Extensions.swift in Sources */ = {isa = PBXBuildFile; fileRef = BF9C940923A886C000AEC197 /* UIScreen+Extensions.swift */; };
		BF9C941E23A886C000AEC197 /* NSLayoutConstraint+Extensions.swift in Sources */ = {isa = PBXBuildFile; fileRef = BF9C940A23A886C000AEC197 /* NSLayoutConstraint+Extensions.swift */; };
		BF9C941F23A886C000AEC197 /* UINavigationController+Extensions.swift in Sources */ = {isa = PBXBuildFile; fileRef = BF9C940B23A886C000AEC197 /* UINavigationController+Extensions.swift */; };
		BF9C942023A886C000AEC197 /* UITableView+Extensions.swift in Sources */ = {isa = PBXBuildFile; fileRef = BF9C940C23A886C000AEC197 /* UITableView+Extensions.swift */; };
		BF9C942123A886C000AEC197 /* Dictionary+Extensions.swift in Sources */ = {isa = PBXBuildFile; fileRef = BF9C940D23A886C000AEC197 /* Dictionary+Extensions.swift */; };
		BF9C942223A886C000AEC197 /* UILabel+Extensions.swift in Sources */ = {isa = PBXBuildFile; fileRef = BF9C940E23A886C000AEC197 /* UILabel+Extensions.swift */; };
		BF9C942323A886C000AEC197 /* UINib+Extensions.swift in Sources */ = {isa = PBXBuildFile; fileRef = BF9C940F23A886C000AEC197 /* UINib+Extensions.swift */; };
		BF9C942423A886C000AEC197 /* Double+Extensions.swift in Sources */ = {isa = PBXBuildFile; fileRef = BF9C941023A886C000AEC197 /* Double+Extensions.swift */; };
		BF9C942523A886C000AEC197 /* Collection+Extensions.swift in Sources */ = {isa = PBXBuildFile; fileRef = BF9C941123A886C000AEC197 /* Collection+Extensions.swift */; };
		BF9C942723A886C000AEC197 /* UICollectionView+Extensions.swift in Sources */ = {isa = PBXBuildFile; fileRef = BF9C941323A886C000AEC197 /* UICollectionView+Extensions.swift */; };
		BF9C942923A88E0C00AEC197 /* UIColor+Extensions.swift in Sources */ = {isa = PBXBuildFile; fileRef = BF9C942823A88E0C00AEC197 /* UIColor+Extensions.swift */; };
		BFF606AF23A8E782006A5C74 /* UITextView+Extensions.swift in Sources */ = {isa = PBXBuildFile; fileRef = BFF606AE23A8E782006A5C74 /* UITextView+Extensions.swift */; };
		BFF606B123A8F4B3006A5C74 /* UIStackView+Extensions.swift in Sources */ = {isa = PBXBuildFile; fileRef = BFF606B023A8F4B3006A5C74 /* UIStackView+Extensions.swift */; };
/* End PBXBuildFile section */

/* Begin PBXFileReference section */
		BF77008D232C715C0061444B /* CLExtensions.app */ = {isa = PBXFileReference; explicitFileType = wrapper.application; includeInIndex = 0; path = CLExtensions.app; sourceTree = BUILT_PRODUCTS_DIR; };
		BF770090232C715C0061444B /* AppDelegate.swift */ = {isa = PBXFileReference; lastKnownFileType = sourcecode.swift; path = AppDelegate.swift; sourceTree = "<group>"; };
		BF770092232C715C0061444B /* ViewController.swift */ = {isa = PBXFileReference; lastKnownFileType = sourcecode.swift; path = ViewController.swift; sourceTree = "<group>"; };
		BF770095232C715C0061444B /* Base */ = {isa = PBXFileReference; lastKnownFileType = file.storyboard; name = Base; path = Base.lproj/Main.storyboard; sourceTree = "<group>"; };
		BF770097232C71610061444B /* Assets.xcassets */ = {isa = PBXFileReference; lastKnownFileType = folder.assetcatalog; path = Assets.xcassets; sourceTree = "<group>"; };
		BF77009A232C71610061444B /* Base */ = {isa = PBXFileReference; lastKnownFileType = file.storyboard; name = Base; path = Base.lproj/LaunchScreen.storyboard; sourceTree = "<group>"; };
		BF77009C232C71610061444B /* Info.plist */ = {isa = PBXFileReference; lastKnownFileType = text.plist.xml; path = Info.plist; sourceTree = "<group>"; };
		BF9C93FF23A886C000AEC197 /* Array+Extensions.swift */ = {isa = PBXFileReference; fileEncoding = 4; lastKnownFileType = sourcecode.swift; path = "Array+Extensions.swift"; sourceTree = "<group>"; };
		BF9C940023A886C000AEC197 /* Int+Extensions.swift */ = {isa = PBXFileReference; fileEncoding = 4; lastKnownFileType = sourcecode.swift; path = "Int+Extensions.swift"; sourceTree = "<group>"; };
		BF9C940123A886C000AEC197 /* UIViewController+Extensions.swift */ = {isa = PBXFileReference; fileEncoding = 4; lastKnownFileType = sourcecode.swift; path = "UIViewController+Extensions.swift"; sourceTree = "<group>"; };
		BF9C940223A886C000AEC197 /* UIButton+Extensions.swift */ = {isa = PBXFileReference; fileEncoding = 4; lastKnownFileType = sourcecode.swift; path = "UIButton+Extensions.swift"; sourceTree = "<group>"; };
		BF9C940323A886C000AEC197 /* CLExtensions.h */ = {isa = PBXFileReference; fileEncoding = 4; lastKnownFileType = sourcecode.c.h; path = CLExtensions.h; sourceTree = "<group>"; };
		BF9C940423A886C000AEC197 /* UIView+Extensions.swift */ = {isa = PBXFileReference; fileEncoding = 4; lastKnownFileType = sourcecode.swift; path = "UIView+Extensions.swift"; sourceTree = "<group>"; };
		BF9C940523A886C000AEC197 /* String+Extensions.swift */ = {isa = PBXFileReference; fileEncoding = 4; lastKnownFileType = sourcecode.swift; path = "String+Extensions.swift"; sourceTree = "<group>"; };
		BF9C940623A886C000AEC197 /* UIDevice+Extensions.swift */ = {isa = PBXFileReference; fileEncoding = 4; lastKnownFileType = sourcecode.swift; path = "UIDevice+Extensions.swift"; sourceTree = "<group>"; };
		BF9C940723A886C000AEC197 /* UIApplication+Extensions.swift */ = {isa = PBXFileReference; fileEncoding = 4; lastKnownFileType = sourcecode.swift; path = "UIApplication+Extensions.swift"; sourceTree = "<group>"; };
		BF9C940823A886C000AEC197 /* UITextFile+Extensions.swift */ = {isa = PBXFileReference; fileEncoding = 4; lastKnownFileType = sourcecode.swift; path = "UITextFile+Extensions.swift"; sourceTree = "<group>"; };
		BF9C940923A886C000AEC197 /* UIScreen+Extensions.swift */ = {isa = PBXFileReference; fileEncoding = 4; lastKnownFileType = sourcecode.swift; path = "UIScreen+Extensions.swift"; sourceTree = "<group>"; };
		BF9C940A23A886C000AEC197 /* NSLayoutConstraint+Extensions.swift */ = {isa = PBXFileReference; fileEncoding = 4; lastKnownFileType = sourcecode.swift; path = "NSLayoutConstraint+Extensions.swift"; sourceTree = "<group>"; };
		BF9C940B23A886C000AEC197 /* UINavigationController+Extensions.swift */ = {isa = PBXFileReference; fileEncoding = 4; lastKnownFileType = sourcecode.swift; path = "UINavigationController+Extensions.swift"; sourceTree = "<group>"; };
		BF9C940C23A886C000AEC197 /* UITableView+Extensions.swift */ = {isa = PBXFileReference; fileEncoding = 4; lastKnownFileType = sourcecode.swift; path = "UITableView+Extensions.swift"; sourceTree = "<group>"; };
		BF9C940D23A886C000AEC197 /* Dictionary+Extensions.swift */ = {isa = PBXFileReference; fileEncoding = 4; lastKnownFileType = sourcecode.swift; path = "Dictionary+Extensions.swift"; sourceTree = "<group>"; };
		BF9C940E23A886C000AEC197 /* UILabel+Extensions.swift */ = {isa = PBXFileReference; fileEncoding = 4; lastKnownFileType = sourcecode.swift; path = "UILabel+Extensions.swift"; sourceTree = "<group>"; };
		BF9C940F23A886C000AEC197 /* UINib+Extensions.swift */ = {isa = PBXFileReference; fileEncoding = 4; lastKnownFileType = sourcecode.swift; path = "UINib+Extensions.swift"; sourceTree = "<group>"; };
		BF9C941023A886C000AEC197 /* Double+Extensions.swift */ = {isa = PBXFileReference; fileEncoding = 4; lastKnownFileType = sourcecode.swift; path = "Double+Extensions.swift"; sourceTree = "<group>"; };
		BF9C941123A886C000AEC197 /* Collection+Extensions.swift */ = {isa = PBXFileReference; fileEncoding = 4; lastKnownFileType = sourcecode.swift; path = "Collection+Extensions.swift"; sourceTree = "<group>"; };
		BF9C941323A886C000AEC197 /* UICollectionView+Extensions.swift */ = {isa = PBXFileReference; fileEncoding = 4; lastKnownFileType = sourcecode.swift; path = "UICollectionView+Extensions.swift"; sourceTree = "<group>"; };
		BF9C942823A88E0C00AEC197 /* UIColor+Extensions.swift */ = {isa = PBXFileReference; lastKnownFileType = sourcecode.swift; path = "UIColor+Extensions.swift"; sourceTree = "<group>"; };
		BFF606AE23A8E782006A5C74 /* UITextView+Extensions.swift */ = {isa = PBXFileReference; lastKnownFileType = sourcecode.swift; path = "UITextView+Extensions.swift"; sourceTree = "<group>"; };
		BFF606B023A8F4B3006A5C74 /* UIStackView+Extensions.swift */ = {isa = PBXFileReference; lastKnownFileType = sourcecode.swift; path = "UIStackView+Extensions.swift"; sourceTree = "<group>"; };
/* End PBXFileReference section */

/* Begin PBXFrameworksBuildPhase section */
		BF77008A232C715C0061444B /* Frameworks */ = {
			isa = PBXFrameworksBuildPhase;
			buildActionMask = 2147483647;
			files = (
			);
			runOnlyForDeploymentPostprocessing = 0;
		};
/* End PBXFrameworksBuildPhase section */

/* Begin PBXGroup section */
		BF770084232C715C0061444B = {
			isa = PBXGroup;
			children = (
				BF77008F232C715C0061444B /* CLExtensions */,
				BF77008E232C715C0061444B /* Products */,
			);
			sourceTree = "<group>";
		};
		BF77008E232C715C0061444B /* Products */ = {
			isa = PBXGroup;
			children = (
				BF77008D232C715C0061444B /* CLExtensions.app */,
			);
			name = Products;
			sourceTree = "<group>";
		};
		BF77008F232C715C0061444B /* CLExtensions */ = {
			isa = PBXGroup;
			children = (
				BF9C93FE23A886C000AEC197 /* Source */,
				BF770090232C715C0061444B /* AppDelegate.swift */,
				BF770092232C715C0061444B /* ViewController.swift */,
				BF770094232C715C0061444B /* Main.storyboard */,
				BF770097232C71610061444B /* Assets.xcassets */,
				BF770099232C71610061444B /* LaunchScreen.storyboard */,
				BF77009C232C71610061444B /* Info.plist */,
			);
			path = CLExtensions;
			sourceTree = "<group>";
		};
		BF9C93FE23A886C000AEC197 /* Source */ = {
			isa = PBXGroup;
			children = (
				BF9C93FF23A886C000AEC197 /* Array+Extensions.swift */,
				BF9C940323A886C000AEC197 /* CLExtensions.h */,
				BF9C941123A886C000AEC197 /* Collection+Extensions.swift */,
				BF9C940D23A886C000AEC197 /* Dictionary+Extensions.swift */,
				BF9C941023A886C000AEC197 /* Double+Extensions.swift */,
				BF9C940023A886C000AEC197 /* Int+Extensions.swift */,
				BF9C940A23A886C000AEC197 /* NSLayoutConstraint+Extensions.swift */,
				BF9C940523A886C000AEC197 /* String+Extensions.swift */,
				BF9C940723A886C000AEC197 /* UIApplication+Extensions.swift */,
				BF9C940223A886C000AEC197 /* UIButton+Extensions.swift */,
				BF9C941323A886C000AEC197 /* UICollectionView+Extensions.swift */,
				BF9C942823A88E0C00AEC197 /* UIColor+Extensions.swift */,
				BF9C940623A886C000AEC197 /* UIDevice+Extensions.swift */,
				BF9C940E23A886C000AEC197 /* UILabel+Extensions.swift */,
				BF9C940B23A886C000AEC197 /* UINavigationController+Extensions.swift */,
				BF9C940F23A886C000AEC197 /* UINib+Extensions.swift */,
				BF9C940923A886C000AEC197 /* UIScreen+Extensions.swift */,
				BFF606B023A8F4B3006A5C74 /* UIStackView+Extensions.swift */,
				BF9C940C23A886C000AEC197 /* UITableView+Extensions.swift */,
				BF9C940823A886C000AEC197 /* UITextFile+Extensions.swift */,
				BFF606AE23A8E782006A5C74 /* UITextView+Extensions.swift */,
				BF9C940423A886C000AEC197 /* UIView+Extensions.swift */,
				BF9C940123A886C000AEC197 /* UIViewController+Extensions.swift */,
			);
			name = Source;
			path = ../../Source;
			sourceTree = "<group>";
		};
/* End PBXGroup section */

/* Begin PBXNativeTarget section */
		BF77008C232C715C0061444B /* CLExtensions */ = {
			isa = PBXNativeTarget;
			buildConfigurationList = BF77009F232C71610061444B /* Build configuration list for PBXNativeTarget "CLExtensions" */;
			buildPhases = (
				BF770089232C715C0061444B /* Sources */,
				BF77008A232C715C0061444B /* Frameworks */,
				BF77008B232C715C0061444B /* Resources */,
			);
			buildRules = (
			);
			dependencies = (
			);
			name = CLExtensions;
			productName = CLExtensions;
			productReference = BF77008D232C715C0061444B /* CLExtensions.app */;
			productType = "com.apple.product-type.application";
		};
/* End PBXNativeTarget section */

/* Begin PBXProject section */
		BF770085232C715C0061444B /* Project object */ = {
			isa = PBXProject;
			attributes = {
				LastSwiftUpdateCheck = 1010;
				LastUpgradeCheck = 1010;
				ORGANIZATIONNAME = CainLuo;
				TargetAttributes = {
					BF77008C232C715C0061444B = {
						CreatedOnToolsVersion = 10.1;
					};
				};
			};
			buildConfigurationList = BF770088232C715C0061444B /* Build configuration list for PBXProject "CLExtensions" */;
			compatibilityVersion = "Xcode 9.3";
			developmentRegion = en;
			hasScannedForEncodings = 0;
			knownRegions = (
				en,
				Base,
			);
			mainGroup = BF770084232C715C0061444B;
			productRefGroup = BF77008E232C715C0061444B /* Products */;
			projectDirPath = "";
			projectRoot = "";
			targets = (
				BF77008C232C715C0061444B /* CLExtensions */,
			);
		};
/* End PBXProject section */

/* Begin PBXResourcesBuildPhase section */
		BF77008B232C715C0061444B /* Resources */ = {
			isa = PBXResourcesBuildPhase;
			buildActionMask = 2147483647;
			files = (
				BF77009B232C71610061444B /* LaunchScreen.storyboard in Resources */,
				BF770098232C71610061444B /* Assets.xcassets in Resources */,
				BF770096232C715C0061444B /* Main.storyboard in Resources */,
			);
			runOnlyForDeploymentPostprocessing = 0;
		};
/* End PBXResourcesBuildPhase section */

/* Begin PBXSourcesBuildPhase section */
		BF770089232C715C0061444B /* Sources */ = {
			isa = PBXSourcesBuildPhase;
			buildActionMask = 2147483647;
			files = (
				BF9C942023A886C000AEC197 /* UITableView+Extensions.swift in Sources */,
				BF9C941B23A886C000AEC197 /* UIApplication+Extensions.swift in Sources */,
				BF9C942223A886C000AEC197 /* UILabel+Extensions.swift in Sources */,
				BF9C942323A886C000AEC197 /* UINib+Extensions.swift in Sources */,
				BF9C941D23A886C000AEC197 /* UIScreen+Extensions.swift in Sources */,
				BF9C941823A886C000AEC197 /* UIView+Extensions.swift in Sources */,
				BF770093232C715C0061444B /* ViewController.swift in Sources */,
				BF9C941723A886C000AEC197 /* UIButton+Extensions.swift in Sources */,
				BF9C941523A886C000AEC197 /* Int+Extensions.swift in Sources */,
				BFF606B123A8F4B3006A5C74 /* UIStackView+Extensions.swift in Sources */,
				BF9C942523A886C000AEC197 /* Collection+Extensions.swift in Sources */,
				BF9C942123A886C000AEC197 /* Dictionary+Extensions.swift in Sources */,
				BF9C941923A886C000AEC197 /* String+Extensions.swift in Sources */,
				BF9C941A23A886C000AEC197 /* UIDevice+Extensions.swift in Sources */,
				BFF606AF23A8E782006A5C74 /* UITextView+Extensions.swift in Sources */,
				BF9C941623A886C000AEC197 /* UIViewController+Extensions.swift in Sources */,
				BF9C942723A886C000AEC197 /* UICollectionView+Extensions.swift in Sources */,
				BF9C942423A886C000AEC197 /* Double+Extensions.swift in Sources */,
				BF9C941C23A886C000AEC197 /* UITextFile+Extensions.swift in Sources */,
				BF9C941E23A886C000AEC197 /* NSLayoutConstraint+Extensions.swift in Sources */,
				BF9C941423A886C000AEC197 /* Array+Extensions.swift in Sources */,
				BF9C942923A88E0C00AEC197 /* UIColor+Extensions.swift in Sources */,
				BF770091232C715C0061444B /* AppDelegate.swift in Sources */,
				BF9C941F23A886C000AEC197 /* UINavigationController+Extensions.swift in Sources */,
			);
			runOnlyForDeploymentPostprocessing = 0;
		};
/* End PBXSourcesBuildPhase section */

/* Begin PBXVariantGroup section */
		BF770094232C715C0061444B /* Main.storyboard */ = {
			isa = PBXVariantGroup;
			children = (
				BF770095232C715C0061444B /* Base */,
			);
			name = Main.storyboard;
			sourceTree = "<group>";
		};
		BF770099232C71610061444B /* LaunchScreen.storyboard */ = {
			isa = PBXVariantGroup;
			children = (
				BF77009A232C71610061444B /* Base */,
			);
			name = LaunchScreen.storyboard;
			sourceTree = "<group>";
		};
/* End PBXVariantGroup section */

/* Begin XCBuildConfiguration section */
		BF77009D232C71610061444B /* Debug */ = {
			isa = XCBuildConfiguration;
			buildSettings = {
				ALWAYS_SEARCH_USER_PATHS = NO;
				CLANG_ANALYZER_NONNULL = YES;
				CLANG_ANALYZER_NUMBER_OBJECT_CONVERSION = YES_AGGRESSIVE;
				CLANG_CXX_LANGUAGE_STANDARD = "gnu++14";
				CLANG_CXX_LIBRARY = "libc++";
				CLANG_ENABLE_MODULES = YES;
				CLANG_ENABLE_OBJC_ARC = YES;
				CLANG_ENABLE_OBJC_WEAK = YES;
				CLANG_WARN_BLOCK_CAPTURE_AUTORELEASING = YES;
				CLANG_WARN_BOOL_CONVERSION = YES;
				CLANG_WARN_COMMA = YES;
				CLANG_WARN_CONSTANT_CONVERSION = YES;
				CLANG_WARN_DEPRECATED_OBJC_IMPLEMENTATIONS = YES;
				CLANG_WARN_DIRECT_OBJC_ISA_USAGE = YES_ERROR;
				CLANG_WARN_DOCUMENTATION_COMMENTS = YES;
				CLANG_WARN_EMPTY_BODY = YES;
				CLANG_WARN_ENUM_CONVERSION = YES;
				CLANG_WARN_INFINITE_RECURSION = YES;
				CLANG_WARN_INT_CONVERSION = YES;
				CLANG_WARN_NON_LITERAL_NULL_CONVERSION = YES;
				CLANG_WARN_OBJC_IMPLICIT_RETAIN_SELF = YES;
				CLANG_WARN_OBJC_LITERAL_CONVERSION = YES;
				CLANG_WARN_OBJC_ROOT_CLASS = YES_ERROR;
				CLANG_WARN_RANGE_LOOP_ANALYSIS = YES;
				CLANG_WARN_STRICT_PROTOTYPES = YES;
				CLANG_WARN_SUSPICIOUS_MOVE = YES;
				CLANG_WARN_UNGUARDED_AVAILABILITY = YES_AGGRESSIVE;
				CLANG_WARN_UNREACHABLE_CODE = YES;
				CLANG_WARN__DUPLICATE_METHOD_MATCH = YES;
				CODE_SIGN_IDENTITY = "iPhone Developer";
				COPY_PHASE_STRIP = NO;
				DEBUG_INFORMATION_FORMAT = dwarf;
				ENABLE_STRICT_OBJC_MSGSEND = YES;
				ENABLE_TESTABILITY = YES;
				GCC_C_LANGUAGE_STANDARD = gnu11;
				GCC_DYNAMIC_NO_PIC = NO;
				GCC_NO_COMMON_BLOCKS = YES;
				GCC_OPTIMIZATION_LEVEL = 0;
				GCC_PREPROCESSOR_DEFINITIONS = (
					"DEBUG=1",
					"$(inherited)",
				);
				GCC_WARN_64_TO_32_BIT_CONVERSION = YES;
				GCC_WARN_ABOUT_RETURN_TYPE = YES_ERROR;
				GCC_WARN_UNDECLARED_SELECTOR = YES;
				GCC_WARN_UNINITIALIZED_AUTOS = YES_AGGRESSIVE;
				GCC_WARN_UNUSED_FUNCTION = YES;
				GCC_WARN_UNUSED_VARIABLE = YES;
				IPHONEOS_DEPLOYMENT_TARGET = 12.1;
				MTL_ENABLE_DEBUG_INFO = INCLUDE_SOURCE;
				MTL_FAST_MATH = YES;
				ONLY_ACTIVE_ARCH = YES;
				SDKROOT = iphoneos;
				SWIFT_ACTIVE_COMPILATION_CONDITIONS = DEBUG;
				SWIFT_OPTIMIZATION_LEVEL = "-Onone";
			};
			name = Debug;
		};
		BF77009E232C71610061444B /* Release */ = {
			isa = XCBuildConfiguration;
			buildSettings = {
				ALWAYS_SEARCH_USER_PATHS = NO;
				CLANG_ANALYZER_NONNULL = YES;
				CLANG_ANALYZER_NUMBER_OBJECT_CONVERSION = YES_AGGRESSIVE;
				CLANG_CXX_LANGUAGE_STANDARD = "gnu++14";
				CLANG_CXX_LIBRARY = "libc++";
				CLANG_ENABLE_MODULES = YES;
				CLANG_ENABLE_OBJC_ARC = YES;
				CLANG_ENABLE_OBJC_WEAK = YES;
				CLANG_WARN_BLOCK_CAPTURE_AUTORELEASING = YES;
				CLANG_WARN_BOOL_CONVERSION = YES;
				CLANG_WARN_COMMA = YES;
				CLANG_WARN_CONSTANT_CONVERSION = YES;
				CLANG_WARN_DEPRECATED_OBJC_IMPLEMENTATIONS = YES;
				CLANG_WARN_DIRECT_OBJC_ISA_USAGE = YES_ERROR;
				CLANG_WARN_DOCUMENTATION_COMMENTS = YES;
				CLANG_WARN_EMPTY_BODY = YES;
				CLANG_WARN_ENUM_CONVERSION = YES;
				CLANG_WARN_INFINITE_RECURSION = YES;
				CLANG_WARN_INT_CONVERSION = YES;
				CLANG_WARN_NON_LITERAL_NULL_CONVERSION = YES;
				CLANG_WARN_OBJC_IMPLICIT_RETAIN_SELF = YES;
				CLANG_WARN_OBJC_LITERAL_CONVERSION = YES;
				CLANG_WARN_OBJC_ROOT_CLASS = YES_ERROR;
				CLANG_WARN_RANGE_LOOP_ANALYSIS = YES;
				CLANG_WARN_STRICT_PROTOTYPES = YES;
				CLANG_WARN_SUSPICIOUS_MOVE = YES;
				CLANG_WARN_UNGUARDED_AVAILABILITY = YES_AGGRESSIVE;
				CLANG_WARN_UNREACHABLE_CODE = YES;
				CLANG_WARN__DUPLICATE_METHOD_MATCH = YES;
				CODE_SIGN_IDENTITY = "iPhone Developer";
				COPY_PHASE_STRIP = NO;
				DEBUG_INFORMATION_FORMAT = "dwarf-with-dsym";
				ENABLE_NS_ASSERTIONS = NO;
				ENABLE_STRICT_OBJC_MSGSEND = YES;
				GCC_C_LANGUAGE_STANDARD = gnu11;
				GCC_NO_COMMON_BLOCKS = YES;
				GCC_WARN_64_TO_32_BIT_CONVERSION = YES;
				GCC_WARN_ABOUT_RETURN_TYPE = YES_ERROR;
				GCC_WARN_UNDECLARED_SELECTOR = YES;
				GCC_WARN_UNINITIALIZED_AUTOS = YES_AGGRESSIVE;
				GCC_WARN_UNUSED_FUNCTION = YES;
				GCC_WARN_UNUSED_VARIABLE = YES;
				IPHONEOS_DEPLOYMENT_TARGET = 12.1;
				MTL_ENABLE_DEBUG_INFO = NO;
				MTL_FAST_MATH = YES;
				SDKROOT = iphoneos;
				SWIFT_COMPILATION_MODE = wholemodule;
				SWIFT_OPTIMIZATION_LEVEL = "-O";
				VALIDATE_PRODUCT = YES;
			};
			name = Release;
		};
		BF7700A0232C71610061444B /* Debug */ = {
			isa = XCBuildConfiguration;
			buildSettings = {
				ASSETCATALOG_COMPILER_APPICON_NAME = AppIcon;
				CODE_SIGN_STYLE = Automatic;
				CURRENT_PROJECT_VERSION = 20191217;
				INFOPLIST_FILE = CLExtensions/Info.plist;
				IPHONEOS_DEPLOYMENT_TARGET = 9.0;
				LD_RUNPATH_SEARCH_PATHS = (
					"$(inherited)",
					"@executable_path/Frameworks",
				);
				MARKETING_VERSION = 1.0.4;
				PRODUCT_BUNDLE_IDENTIFIER = com.CainLuo.CLExtensions;
				PRODUCT_NAME = "$(TARGET_NAME)";
				SWIFT_VERSION = 5.0;
				TARGETED_DEVICE_FAMILY = "1,2";
			};
			name = Debug;
		};
		BF7700A1232C71610061444B /* Release */ = {
			isa = XCBuildConfiguration;
			buildSettings = {
				ASSETCATALOG_COMPILER_APPICON_NAME = AppIcon;
				CODE_SIGN_STYLE = Automatic;
				CURRENT_PROJECT_VERSION = 20191217;
				INFOPLIST_FILE = CLExtensions/Info.plist;
				IPHONEOS_DEPLOYMENT_TARGET = 9.0;
				LD_RUNPATH_SEARCH_PATHS = (
					"$(inherited)",
					"@executable_path/Frameworks",
				);
				MARKETING_VERSION = 1.0.4;
				PRODUCT_BUNDLE_IDENTIFIER = com.CainLuo.CLExtensions;
				PRODUCT_NAME = "$(TARGET_NAME)";
				SWIFT_VERSION = 5.0;
				TARGETED_DEVICE_FAMILY = "1,2";
			};
			name = Release;
		};
/* End XCBuildConfiguration section */

/* Begin XCConfigurationList section */
		BF770088232C715C0061444B /* Build configuration list for PBXProject "CLExtensions" */ = {
			isa = XCConfigurationList;
			buildConfigurations = (
				BF77009D232C71610061444B /* Debug */,
				BF77009E232C71610061444B /* Release */,
			);
			defaultConfigurationIsVisible = 0;
			defaultConfigurationName = Release;
		};
		BF77009F232C71610061444B /* Build configuration list for PBXNativeTarget "CLExtensions" */ = {
			isa = XCConfigurationList;
			buildConfigurations = (
				BF7700A0232C71610061444B /* Debug */,
				BF7700A1232C71610061444B /* Release */,
			);
			defaultConfigurationIsVisible = 0;
			defaultConfigurationName = Release;
		};
/* End XCConfigurationList section */
	};
	rootObject = BF770085232C715C0061444B /* Project object */;
}
