// !$*UTF8*$!
{
	archiveVersion = 1;
	classes = {
	};
	objectVersion = 50;
	objects = {

/* Begin PBXBuildFile section */
		BF770091232C715C0061444B /* AppDelegate.swift in Sources */ = {isa = PBXBuildFile; fileRef = BF770090232C715C0061444B /* AppDelegate.swift */; };
		BF770093232C715C0061444B /* ViewController.swift in Sources */ = {isa = PBXBuildFile; fileRef = BF770092232C715C0061444B /* ViewController.swift */; };
		BF770096232C715C0061444B /* Main.storyboard in Resources */ = {isa = PBXBuildFile; fileRef = BF770094232C715C0061444B /* Main.storyboard */; };
		BF770098232C71610061444B /* Assets.xcassets in Resources */ = {isa = PBXBuildFile; fileRef = BF770097232C71610061444B /* Assets.xcassets */; };
		BF77009B232C71610061444B /* LaunchScreen.storyboard in Resources */ = {isa = PBXBuildFile; fileRef = BF770099232C71610061444B /* LaunchScreen.storyboard */; };
		BF7700A4232C71930061444B /* UILabel+Extensions.swift in Sources */ = {isa = PBXBuildFile; fileRef = BF7700A3232C71930061444B /* UILabel+Extensions.swift */; };
		BF7700A6232C72760061444B /* UIScreen+Extensions.swift in Sources */ = {isa = PBXBuildFile; fileRef = BF7700A5232C72760061444B /* UIScreen+Extensions.swift */; };
		BF7700A8232C72BF0061444B /* NSLayoutConstraint+Extensions.swift in Sources */ = {isa = PBXBuildFile; fileRef = BF7700A7232C72BF0061444B /* NSLayoutConstraint+Extensions.swift */; };
		BF7700AA232C74AA0061444B /* UITextFile+Extensions.swift in Sources */ = {isa = PBXBuildFile; fileRef = BF7700A9232C74AA0061444B /* UITextFile+Extensions.swift */; };
		BF7700AC232C768A0061444B /* UIView+Extensions.swift in Sources */ = {isa = PBXBuildFile; fileRef = BF7700AB232C768A0061444B /* UIView+Extensions.swift */; };
		BF7700AE232C77A80061444B /* UIButton+Extensions.swift in Sources */ = {isa = PBXBuildFile; fileRef = BF7700AD232C77A80061444B /* UIButton+Extensions.swift */; };
		BF7700B0232C7CAE0061444B /* UIViewController+Extensions.swift in Sources */ = {isa = PBXBuildFile; fileRef = BF7700AF232C7CAE0061444B /* UIViewController+Extensions.swift */; };
		BF7700B3232C81990061444B /* Array+Extensions.swift in Sources */ = {isa = PBXBuildFile; fileRef = BF7700B2232C81990061444B /* Array+Extensions.swift */; };
		BF7700B5232C82A80061444B /* Collection+Extensions.swift in Sources */ = {isa = PBXBuildFile; fileRef = BF7700B4232C82A80061444B /* Collection+Extensions.swift */; };
		BF7700B7232C82F30061444B /* Double+Extensions.swift in Sources */ = {isa = PBXBuildFile; fileRef = BF7700B6232C82F30061444B /* Double+Extensions.swift */; };
		BF7700B9232C83C20061444B /* Int+Extensions.swift in Sources */ = {isa = PBXBuildFile; fileRef = BF7700B8232C83C20061444B /* Int+Extensions.swift */; };
		BF7700BB232C84C80061444B /* UITableView+Extensions.swift in Sources */ = {isa = PBXBuildFile; fileRef = BF7700BA232C84C80061444B /* UITableView+Extensions.swift */; };
		BF7700BD232C855E0061444B /* UICollectionView+Extensions.swift in Sources */ = {isa = PBXBuildFile; fileRef = BF7700BC232C855E0061444B /* UICollectionView+Extensions.swift */; };
		BF7700BF232C87930061444B /* UINib+Extensions.swift in Sources */ = {isa = PBXBuildFile; fileRef = BF7700BE232C87930061444B /* UINib+Extensions.swift */; };
		BF7700C1232C88D60061444B /* UIApplication+Extensions.swift in Sources */ = {isa = PBXBuildFile; fileRef = BF7700C0232C88D60061444B /* UIApplication+Extensions.swift */; };
		BF7700C3232C89AD0061444B /* String+Extensions.swift in Sources */ = {isa = PBXBuildFile; fileRef = BF7700C2232C89AD0061444B /* String+Extensions.swift */; };
		BF7700C5232C8E310061444B /* Dictionary+Extensions.swift in Sources */ = {isa = PBXBuildFile; fileRef = BF7700C4232C8E310061444B /* Dictionary+Extensions.swift */; };
		BF7700C7232C9C310061444B /* UIDevice+Extensions.swift in Sources */ = {isa = PBXBuildFile; fileRef = BF7700C6232C9C310061444B /* UIDevice+Extensions.swift */; };
/* End PBXBuildFile section */

/* Begin PBXFileReference section */
		BF77008D232C715C0061444B /* CLExtensions.app */ = {isa = PBXFileReference; explicitFileType = wrapper.application; includeInIndex = 0; path = CLExtensions.app; sourceTree = BUILT_PRODUCTS_DIR; };
		BF770090232C715C0061444B /* AppDelegate.swift */ = {isa = PBXFileReference; lastKnownFileType = sourcecode.swift; path = AppDelegate.swift; sourceTree = "<group>"; };
		BF770092232C715C0061444B /* ViewController.swift */ = {isa = PBXFileReference; lastKnownFileType = sourcecode.swift; path = ViewController.swift; sourceTree = "<group>"; };
		BF770095232C715C0061444B /* Base */ = {isa = PBXFileReference; lastKnownFileType = file.storyboard; name = Base; path = Base.lproj/Main.storyboard; sourceTree = "<group>"; };
		BF770097232C71610061444B /* Assets.xcassets */ = {isa = PBXFileReference; lastKnownFileType = folder.assetcatalog; path = Assets.xcassets; sourceTree = "<group>"; };
		BF77009A232C71610061444B /* Base */ = {isa = PBXFileReference; lastKnownFileType = file.storyboard; name = Base; path = Base.lproj/LaunchScreen.storyboard; sourceTree = "<group>"; };
		BF77009C232C71610061444B /* Info.plist */ = {isa = PBXFileReference; lastKnownFileType = text.plist.xml; path = Info.plist; sourceTree = "<group>"; };
		BF7700A3232C71930061444B /* UILabel+Extensions.swift */ = {isa = PBXFileReference; lastKnownFileType = sourcecode.swift; path = "UILabel+Extensions.swift"; sourceTree = "<group>"; };
		BF7700A5232C72760061444B /* UIScreen+Extensions.swift */ = {isa = PBXFileReference; lastKnownFileType = sourcecode.swift; path = "UIScreen+Extensions.swift"; sourceTree = "<group>"; };
		BF7700A7232C72BF0061444B /* NSLayoutConstraint+Extensions.swift */ = {isa = PBXFileReference; lastKnownFileType = sourcecode.swift; path = "NSLayoutConstraint+Extensions.swift"; sourceTree = "<group>"; };
		BF7700A9232C74AA0061444B /* UITextFile+Extensions.swift */ = {isa = PBXFileReference; lastKnownFileType = sourcecode.swift; path = "UITextFile+Extensions.swift"; sourceTree = "<group>"; };
		BF7700AB232C768A0061444B /* UIView+Extensions.swift */ = {isa = PBXFileReference; lastKnownFileType = sourcecode.swift; path = "UIView+Extensions.swift"; sourceTree = "<group>"; };
		BF7700AD232C77A80061444B /* UIButton+Extensions.swift */ = {isa = PBXFileReference; lastKnownFileType = sourcecode.swift; path = "UIButton+Extensions.swift"; sourceTree = "<group>"; };
		BF7700AF232C7CAE0061444B /* UIViewController+Extensions.swift */ = {isa = PBXFileReference; lastKnownFileType = sourcecode.swift; path = "UIViewController+Extensions.swift"; sourceTree = "<group>"; };
		BF7700B2232C81990061444B /* Array+Extensions.swift */ = {isa = PBXFileReference; lastKnownFileType = sourcecode.swift; path = "Array+Extensions.swift"; sourceTree = "<group>"; };
		BF7700B4232C82A80061444B /* Collection+Extensions.swift */ = {isa = PBXFileReference; lastKnownFileType = sourcecode.swift; path = "Collection+Extensions.swift"; sourceTree = "<group>"; };
		BF7700B6232C82F30061444B /* Double+Extensions.swift */ = {isa = PBXFileReference; lastKnownFileType = sourcecode.swift; path = "Double+Extensions.swift"; sourceTree = "<group>"; };
		BF7700B8232C83C20061444B /* Int+Extensions.swift */ = {isa = PBXFileReference; lastKnownFileType = sourcecode.swift; path = "Int+Extensions.swift"; sourceTree = "<group>"; };
		BF7700BA232C84C80061444B /* UITableView+Extensions.swift */ = {isa = PBXFileReference; lastKnownFileType = sourcecode.swift; path = "UITableView+Extensions.swift"; sourceTree = "<group>"; };
		BF7700BC232C855E0061444B /* UICollectionView+Extensions.swift */ = {isa = PBXFileReference; lastKnownFileType = sourcecode.swift; path = "UICollectionView+Extensions.swift"; sourceTree = "<group>"; };
		BF7700BE232C87930061444B /* UINib+Extensions.swift */ = {isa = PBXFileReference; lastKnownFileType = sourcecode.swift; path = "UINib+Extensions.swift"; sourceTree = "<group>"; };
		BF7700C0232C88D60061444B /* UIApplication+Extensions.swift */ = {isa = PBXFileReference; lastKnownFileType = sourcecode.swift; path = "UIApplication+Extensions.swift"; sourceTree = "<group>"; };
		BF7700C2232C89AD0061444B /* String+Extensions.swift */ = {isa = PBXFileReference; lastKnownFileType = sourcecode.swift; path = "String+Extensions.swift"; sourceTree = "<group>"; };
		BF7700C4232C8E310061444B /* Dictionary+Extensions.swift */ = {isa = PBXFileReference; lastKnownFileType = sourcecode.swift; path = "Dictionary+Extensions.swift"; sourceTree = "<group>"; };
		BF7700C6232C9C310061444B /* UIDevice+Extensions.swift */ = {isa = PBXFileReference; lastKnownFileType = sourcecode.swift; path = "UIDevice+Extensions.swift"; sourceTree = "<group>"; };
/* End PBXFileReference section */

/* Begin PBXFrameworksBuildPhase section */
		BF77008A232C715C0061444B /* Frameworks */ = {
			isa = PBXFrameworksBuildPhase;
			buildActionMask = 2147483647;
			files = (
			);
			runOnlyForDeploymentPostprocessing = 0;
		};
/* End PBXFrameworksBuildPhase section */

/* Begin PBXGroup section */
		BF770084232C715C0061444B = {
			isa = PBXGroup;
			children = (
				BF77008F232C715C0061444B /* CLExtensions */,
				BF77008E232C715C0061444B /* Products */,
			);
			sourceTree = "<group>";
		};
		BF77008E232C715C0061444B /* Products */ = {
			isa = PBXGroup;
			children = (
				BF77008D232C715C0061444B /* CLExtensions.app */,
			);
			name = Products;
			sourceTree = "<group>";
		};
		BF77008F232C715C0061444B /* CLExtensions */ = {
			isa = PBXGroup;
			children = (
				BF7700B1232C81840061444B /* Foundation+Extensions */,
				BF7700A2232C71780061444B /* UIKit+Extensions */,
				BF770090232C715C0061444B /* AppDelegate.swift */,
				BF770092232C715C0061444B /* ViewController.swift */,
				BF770094232C715C0061444B /* Main.storyboard */,
				BF770097232C71610061444B /* Assets.xcassets */,
				BF770099232C71610061444B /* LaunchScreen.storyboard */,
				BF77009C232C71610061444B /* Info.plist */,
			);
			path = CLExtensions;
			sourceTree = "<group>";
		};
		BF7700A2232C71780061444B /* UIKit+Extensions */ = {
			isa = PBXGroup;
			children = (
				BF7700A7232C72BF0061444B /* NSLayoutConstraint+Extensions.swift */,
				BF7700C0232C88D60061444B /* UIApplication+Extensions.swift */,
				BF7700AD232C77A80061444B /* UIButton+Extensions.swift */,
				BF7700BC232C855E0061444B /* UICollectionView+Extensions.swift */,
				BF7700A3232C71930061444B /* UILabel+Extensions.swift */,
				BF7700BE232C87930061444B /* UINib+Extensions.swift */,
				BF7700A5232C72760061444B /* UIScreen+Extensions.swift */,
				BF7700BA232C84C80061444B /* UITableView+Extensions.swift */,
				BF7700A9232C74AA0061444B /* UITextFile+Extensions.swift */,
				BF7700AB232C768A0061444B /* UIView+Extensions.swift */,
				BF7700AF232C7CAE0061444B /* UIViewController+Extensions.swift */,
				BF7700C6232C9C310061444B /* UIDevice+Extensions.swift */,
			);
			path = "UIKit+Extensions";
			sourceTree = "<group>";
		};
		BF7700B1232C81840061444B /* Foundation+Extensions */ = {
			isa = PBXGroup;
			children = (
				BF7700B2232C81990061444B /* Array+Extensions.swift */,
				BF7700B4232C82A80061444B /* Collection+Extensions.swift */,
				BF7700C4232C8E310061444B /* Dictionary+Extensions.swift */,
				BF7700B6232C82F30061444B /* Double+Extensions.swift */,
				BF7700B8232C83C20061444B /* Int+Extensions.swift */,
				BF7700C2232C89AD0061444B /* String+Extensions.swift */,
			);
			path = "Foundation+Extensions";
			sourceTree = "<group>";
		};
/* End PBXGroup section */

/* Begin PBXNativeTarget section */
		BF77008C232C715C0061444B /* CLExtensions */ = {
			isa = PBXNativeTarget;
			buildConfigurationList = BF77009F232C71610061444B /* Build configuration list for PBXNativeTarget "CLExtensions" */;
			buildPhases = (
				BF770089232C715C0061444B /* Sources */,
				BF77008A232C715C0061444B /* Frameworks */,
				BF77008B232C715C0061444B /* Resources */,
			);
			buildRules = (
			);
			dependencies = (
			);
			name = CLExtensions;
			productName = CLExtensions;
			productReference = BF77008D232C715C0061444B /* CLExtensions.app */;
			productType = "com.apple.product-type.application";
		};
/* End PBXNativeTarget section */

/* Begin PBXProject section */
		BF770085232C715C0061444B /* Project object */ = {
			isa = PBXProject;
			attributes = {
				LastSwiftUpdateCheck = 1010;
				LastUpgradeCheck = 1010;
				ORGANIZATIONNAME = CainLuo;
				TargetAttributes = {
					BF77008C232C715C0061444B = {
						CreatedOnToolsVersion = 10.1;
					};
				};
			};
			buildConfigurationList = BF770088232C715C0061444B /* Build configuration list for PBXProject "CLExtensions" */;
			compatibilityVersion = "Xcode 9.3";
			developmentRegion = en;
			hasScannedForEncodings = 0;
			knownRegions = (
				en,
				Base,
			);
			mainGroup = BF770084232C715C0061444B;
			productRefGroup = BF77008E232C715C0061444B /* Products */;
			projectDirPath = "";
			projectRoot = "";
			targets = (
				BF77008C232C715C0061444B /* CLExtensions */,
			);
		};
/* End PBXProject section */

/* Begin PBXResourcesBuildPhase section */
		BF77008B232C715C0061444B /* Resources */ = {
			isa = PBXResourcesBuildPhase;
			buildActionMask = 2147483647;
			files = (
				BF77009B232C71610061444B /* LaunchScreen.storyboard in Resources */,
				BF770098232C71610061444B /* Assets.xcassets in Resources */,
				BF770096232C715C0061444B /* Main.storyboard in Resources */,
			);
			runOnlyForDeploymentPostprocessing = 0;
		};
/* End PBXResourcesBuildPhase section */

/* Begin PBXSourcesBuildPhase section */
		BF770089232C715C0061444B /* Sources */ = {
			isa = PBXSourcesBuildPhase;
			buildActionMask = 2147483647;
			files = (
				BF7700B7232C82F30061444B /* Double+Extensions.swift in Sources */,
				BF7700BB232C84C80061444B /* UITableView+Extensions.swift in Sources */,
				BF7700BD232C855E0061444B /* UICollectionView+Extensions.swift in Sources */,
				BF7700BF232C87930061444B /* UINib+Extensions.swift in Sources */,
				BF7700C3232C89AD0061444B /* String+Extensions.swift in Sources */,
				BF7700AC232C768A0061444B /* UIView+Extensions.swift in Sources */,
				BF7700B3232C81990061444B /* Array+Extensions.swift in Sources */,
				BF7700AE232C77A80061444B /* UIButton+Extensions.swift in Sources */,
				BF7700C5232C8E310061444B /* Dictionary+Extensions.swift in Sources */,
				BF7700B5232C82A80061444B /* Collection+Extensions.swift in Sources */,
				BF7700B9232C83C20061444B /* Int+Extensions.swift in Sources */,
				BF7700C1232C88D60061444B /* UIApplication+Extensions.swift in Sources */,
				BF7700A4232C71930061444B /* UILabel+Extensions.swift in Sources */,
				BF7700C7232C9C310061444B /* UIDevice+Extensions.swift in Sources */,
				BF7700A6232C72760061444B /* UIScreen+Extensions.swift in Sources */,
				BF7700B0232C7CAE0061444B /* UIViewController+Extensions.swift in Sources */,
				BF770093232C715C0061444B /* ViewController.swift in Sources */,
				BF7700A8232C72BF0061444B /* NSLayoutConstraint+Extensions.swift in Sources */,
				BF7700AA232C74AA0061444B /* UITextFile+Extensions.swift in Sources */,
				BF770091232C715C0061444B /* AppDelegate.swift in Sources */,
			);
			runOnlyForDeploymentPostprocessing = 0;
		};
/* End PBXSourcesBuildPhase section */

/* Begin PBXVariantGroup section */
		BF770094232C715C0061444B /* Main.storyboard */ = {
			isa = PBXVariantGroup;
			children = (
				BF770095232C715C0061444B /* Base */,
			);
			name = Main.storyboard;
			sourceTree = "<group>";
		};
		BF770099232C71610061444B /* LaunchScreen.storyboard */ = {
			isa = PBXVariantGroup;
			children = (
				BF77009A232C71610061444B /* Base */,
			);
			name = LaunchScreen.storyboard;
			sourceTree = "<group>";
		};
/* End PBXVariantGroup section */

/* Begin XCBuildConfiguration section */
		BF77009D232C71610061444B /* Debug */ = {
			isa = XCBuildConfiguration;
			buildSettings = {
				ALWAYS_SEARCH_USER_PATHS = NO;
				CLANG_ANALYZER_NONNULL = YES;
				CLANG_ANALYZER_NUMBER_OBJECT_CONVERSION = YES_AGGRESSIVE;
				CLANG_CXX_LANGUAGE_STANDARD = "gnu++14";
				CLANG_CXX_LIBRARY = "libc++";
				CLANG_ENABLE_MODULES = YES;
				CLANG_ENABLE_OBJC_ARC = YES;
				CLANG_ENABLE_OBJC_WEAK = YES;
				CLANG_WARN_BLOCK_CAPTURE_AUTORELEASING = YES;
				CLANG_WARN_BOOL_CONVERSION = YES;
				CLANG_WARN_COMMA = YES;
				CLANG_WARN_CONSTANT_CONVERSION = YES;
				CLANG_WARN_DEPRECATED_OBJC_IMPLEMENTATIONS = YES;
				CLANG_WARN_DIRECT_OBJC_ISA_USAGE = YES_ERROR;
				CLANG_WARN_DOCUMENTATION_COMMENTS = YES;
				CLANG_WARN_EMPTY_BODY = YES;
				CLANG_WARN_ENUM_CONVERSION = YES;
				CLANG_WARN_INFINITE_RECURSION = YES;
				CLANG_WARN_INT_CONVERSION = YES;
				CLANG_WARN_NON_LITERAL_NULL_CONVERSION = YES;
				CLANG_WARN_OBJC_IMPLICIT_RETAIN_SELF = YES;
				CLANG_WARN_OBJC_LITERAL_CONVERSION = YES;
				CLANG_WARN_OBJC_ROOT_CLASS = YES_ERROR;
				CLANG_WARN_RANGE_LOOP_ANALYSIS = YES;
				CLANG_WARN_STRICT_PROTOTYPES = YES;
				CLANG_WARN_SUSPICIOUS_MOVE = YES;
				CLANG_WARN_UNGUARDED_AVAILABILITY = YES_AGGRESSIVE;
				CLANG_WARN_UNREACHABLE_CODE = YES;
				CLANG_WARN__DUPLICATE_METHOD_MATCH = YES;
				CODE_SIGN_IDENTITY = "iPhone Developer";
				COPY_PHASE_STRIP = NO;
				DEBUG_INFORMATION_FORMAT = dwarf;
				ENABLE_STRICT_OBJC_MSGSEND = YES;
				ENABLE_TESTABILITY = YES;
				GCC_C_LANGUAGE_STANDARD = gnu11;
				GCC_DYNAMIC_NO_PIC = NO;
				GCC_NO_COMMON_BLOCKS = YES;
				GCC_OPTIMIZATION_LEVEL = 0;
				GCC_PREPROCESSOR_DEFINITIONS = (
					"DEBUG=1",
					"$(inherited)",
				);
				GCC_WARN_64_TO_32_BIT_CONVERSION = YES;
				GCC_WARN_ABOUT_RETURN_TYPE = YES_ERROR;
				GCC_WARN_UNDECLARED_SELECTOR = YES;
				GCC_WARN_UNINITIALIZED_AUTOS = YES_AGGRESSIVE;
				GCC_WARN_UNUSED_FUNCTION = YES;
				GCC_WARN_UNUSED_VARIABLE = YES;
				IPHONEOS_DEPLOYMENT_TARGET = 12.1;
				MTL_ENABLE_DEBUG_INFO = INCLUDE_SOURCE;
				MTL_FAST_MATH = YES;
				ONLY_ACTIVE_ARCH = YES;
				SDKROOT = iphoneos;
				SWIFT_ACTIVE_COMPILATION_CONDITIONS = DEBUG;
				SWIFT_OPTIMIZATION_LEVEL = "-Onone";
			};
			name = Debug;
		};
		BF77009E232C71610061444B /* Release */ = {
			isa = XCBuildConfiguration;
			buildSettings = {
				ALWAYS_SEARCH_USER_PATHS = NO;
				CLANG_ANALYZER_NONNULL = YES;
				CLANG_ANALYZER_NUMBER_OBJECT_CONVERSION = YES_AGGRESSIVE;
				CLANG_CXX_LANGUAGE_STANDARD = "gnu++14";
				CLANG_CXX_LIBRARY = "libc++";
				CLANG_ENABLE_MODULES = YES;
				CLANG_ENABLE_OBJC_ARC = YES;
				CLANG_ENABLE_OBJC_WEAK = YES;
				CLANG_WARN_BLOCK_CAPTURE_AUTORELEASING = YES;
				CLANG_WARN_BOOL_CONVERSION = YES;
				CLANG_WARN_COMMA = YES;
				CLANG_WARN_CONSTANT_CONVERSION = YES;
				CLANG_WARN_DEPRECATED_OBJC_IMPLEMENTATIONS = YES;
				CLANG_WARN_DIRECT_OBJC_ISA_USAGE = YES_ERROR;
				CLANG_WARN_DOCUMENTATION_COMMENTS = YES;
				CLANG_WARN_EMPTY_BODY = YES;
				CLANG_WARN_ENUM_CONVERSION = YES;
				CLANG_WARN_INFINITE_RECURSION = YES;
				CLANG_WARN_INT_CONVERSION = YES;
				CLANG_WARN_NON_LITERAL_NULL_CONVERSION = YES;
				CLANG_WARN_OBJC_IMPLICIT_RETAIN_SELF = YES;
				CLANG_WARN_OBJC_LITERAL_CONVERSION = YES;
				CLANG_WARN_OBJC_ROOT_CLASS = YES_ERROR;
				CLANG_WARN_RANGE_LOOP_ANALYSIS = YES;
				CLANG_WARN_STRICT_PROTOTYPES = YES;
				CLANG_WARN_SUSPICIOUS_MOVE = YES;
				CLANG_WARN_UNGUARDED_AVAILABILITY = YES_AGGRESSIVE;
				CLANG_WARN_UNREACHABLE_CODE = YES;
				CLANG_WARN__DUPLICATE_METHOD_MATCH = YES;
				CODE_SIGN_IDENTITY = "iPhone Developer";
				COPY_PHASE_STRIP = NO;
				DEBUG_INFORMATION_FORMAT = "dwarf-with-dsym";
				ENABLE_NS_ASSERTIONS = NO;
				ENABLE_STRICT_OBJC_MSGSEND = YES;
				GCC_C_LANGUAGE_STANDARD = gnu11;
				GCC_NO_COMMON_BLOCKS = YES;
				GCC_WARN_64_TO_32_BIT_CONVERSION = YES;
				GCC_WARN_ABOUT_RETURN_TYPE = YES_ERROR;
				GCC_WARN_UNDECLARED_SELECTOR = YES;
				GCC_WARN_UNINITIALIZED_AUTOS = YES_AGGRESSIVE;
				GCC_WARN_UNUSED_FUNCTION = YES;
				GCC_WARN_UNUSED_VARIABLE = YES;
				IPHONEOS_DEPLOYMENT_TARGET = 12.1;
				MTL_ENABLE_DEBUG_INFO = NO;
				MTL_FAST_MATH = YES;
				SDKROOT = iphoneos;
				SWIFT_COMPILATION_MODE = wholemodule;
				SWIFT_OPTIMIZATION_LEVEL = "-O";
				VALIDATE_PRODUCT = YES;
			};
			name = Release;
		};
		BF7700A0232C71610061444B /* Debug */ = {
			isa = XCBuildConfiguration;
			buildSettings = {
				ASSETCATALOG_COMPILER_APPICON_NAME = AppIcon;
				CODE_SIGN_STYLE = Automatic;
				INFOPLIST_FILE = CLExtensions/Info.plist;
				LD_RUNPATH_SEARCH_PATHS = (
					"$(inherited)",
					"@executable_path/Frameworks",
				);
				PRODUCT_BUNDLE_IDENTIFIER = com.CainLuo.CLExtensions;
				PRODUCT_NAME = "$(TARGET_NAME)";
				SWIFT_VERSION = 4.2;
				TARGETED_DEVICE_FAMILY = "1,2";
			};
			name = Debug;
		};
		BF7700A1232C71610061444B /* Release */ = {
			isa = XCBuildConfiguration;
			buildSettings = {
				ASSETCATALOG_COMPILER_APPICON_NAME = AppIcon;
				CODE_SIGN_STYLE = Automatic;
				INFOPLIST_FILE = CLExtensions/Info.plist;
				LD_RUNPATH_SEARCH_PATHS = (
					"$(inherited)",
					"@executable_path/Frameworks",
				);
				PRODUCT_BUNDLE_IDENTIFIER = com.CainLuo.CLExtensions;
				PRODUCT_NAME = "$(TARGET_NAME)";
				SWIFT_VERSION = 4.2;
				TARGETED_DEVICE_FAMILY = "1,2";
			};
			name = Release;
		};
/* End XCBuildConfiguration section */

/* Begin XCConfigurationList section */
		BF770088232C715C0061444B /* Build configuration list for PBXProject "CLExtensions" */ = {
			isa = XCConfigurationList;
			buildConfigurations = (
				BF77009D232C71610061444B /* Debug */,
				BF77009E232C71610061444B /* Release */,
			);
			defaultConfigurationIsVisible = 0;
			defaultConfigurationName = Release;
		};
		BF77009F232C71610061444B /* Build configuration list for PBXNativeTarget "CLExtensions" */ = {
			isa = XCConfigurationList;
			buildConfigurations = (
				BF7700A0232C71610061444B /* Debug */,
				BF7700A1232C71610061444B /* Release */,
			);
			defaultConfigurationIsVisible = 0;
			defaultConfigurationName = Release;
		};
/* End XCConfigurationList section */
	};
	rootObject = BF770085232C715C0061444B /* Project object */;
}
